
Microsoft Visual Studio Solution File, Format Version 12.00
# Visual Studio Version 17
VisualStudioVersion = 17.14.36616.10
MinimumVisualStudioVersion = 10.0.40219.1
Project("{FAE04EC0-301F-11D3-BF4B-00C04F79EFBC}") = "BlogPost_API", "BlogPost_API\BlogPost_API.csproj", "{2A0A4F0C-9430-441F-997A-F783E90975F0}"
EndProject
Project("{FAE04EC0-301F-11D3-BF4B-00C04F79EFBC}") = "BlogPost_Models", "BlogPost_Models\BlogPost_Models.csproj", "{CF3BA492-1B5B-4FEC-B770-CE1CFD31FB38}"
EndProject
Project("{FAE04EC0-301F-11D3-BF4B-00C04F79EFBC}") = "Blogpost_DataAccess", "Blogpost_DataAccess\Blogpost_DataAccess.csproj", "{8B91F116-71A0-42ED-A6DD-C906F198D0A6}"
EndProject
Project("{FAE04EC0-301F-11D3-BF4B-00C04F79EFBC}") = "Blogpost_Service", "Blogpost_Service\Blogpost_Service.csproj", "{856678FC-9520-40C4-8435-F0385A103856}"
EndProject
Global
	GlobalSection(SolutionConfigurationPlatforms) = preSolution
		Debug|Any CPU = Debug|Any CPU
		Release|Any CPU = Release|Any CPU
	EndGlobalSection
	GlobalSection(ProjectConfigurationPlatforms) = postSolution
		{2A0A4F0C-9430-441F-997A-F783E90975F0}.Debug|Any CPU.ActiveCfg = Debug|Any CPU
		{2A0A4F0C-9430-441F-997A-F783E90975F0}.Debug|Any CPU.Build.0 = Debug|Any CPU
		{2A0A4F0C-9430-441F-997A-F783E90975F0}.Release|Any CPU.ActiveCfg = Release|Any CPU
		{2A0A4F0C-9430-441F-997A-F783E90975F0}.Release|Any CPU.Build.0 = Release|Any CPU
		{CF3BA492-1B5B-4FEC-B770-CE1CFD31FB38}.Debug|Any CPU.ActiveCfg = Debug|Any CPU
		{CF3BA492-1B5B-4FEC-B770-CE1CFD31FB38}.Debug|Any CPU.Build.0 = Debug|Any CPU
		{CF3BA492-1B5B-4FEC-B770-CE1CFD31FB38}.Release|Any CPU.ActiveCfg = Release|Any CPU
		{CF3BA492-1B5B-4FEC-B770-CE1CFD31FB38}.Release|Any CPU.Build.0 = Release|Any CPU
		{8B91F116-71A0-42ED-A6DD-C906F198D0A6}.Debug|Any CPU.ActiveCfg = Debug|Any CPU
		{8B91F116-71A0-42ED-A6DD-C906F198D0A6}.Debug|Any CPU.Build.0 = Debug|Any CPU
		{8B91F116-71A0-42ED-A6DD-C906F198D0A6}.Release|Any CPU.ActiveCfg = Release|Any CPU
		{8B91F116-71A0-42ED-A6DD-C906F198D0A6}.Release|Any CPU.Build.0 = Release|Any CPU
		{856678FC-9520-40C4-8435-F0385A103856}.Debug|Any CPU.ActiveCfg = Debug|Any CPU
		{856678FC-9520-40C4-8435-F0385A103856}.Debug|Any CPU.Build.0 = Debug|Any CPU
		{856678FC-9520-40C4-8435-F0385A103856}.Release|Any CPU.ActiveCfg = Release|Any CPU
		{856678FC-9520-40C4-8435-F0385A103856}.Release|Any CPU.Build.0 = Release|Any CPU
	EndGlobalSection
	GlobalSection(SolutionProperties) = preSolution
		HideSolutionNode = FALSE
	EndGlobalSection
	GlobalSection(ExtensibilityGlobals) = postSolution
		SolutionGuid = {34F3F5C5-3B14-4BC7-8C32-D16593F6CB35}
	EndGlobalSection
EndGlobal
